
Microsoft Visual Studio Solution File, Format Version 12.00
# Visual Studio 2013
VisualStudioVersion = 12.0.21005.1
MinimumVisualStudioVersion = 10.0.40219.1
Project("{FAE04EC0-301F-11D3-BF4B-00C04F79EFBC}") = "HW_2", "HW_2\HW_2.csproj", "{11AE9242-DAAF-46FD-9D30-991F07F6F6FD}"
EndProject
Project("{FAE04EC0-301F-11D3-BF4B-00C04F79EFBC}") = "Test_HW_2", "Test_HW_2\Test_HW_2.csproj", "{4BA993B1-D17F-479E-B164-890AB37FC928}"
EndProject
Global
	GlobalSection(SolutionConfigurationPlatforms) = preSolution
		Debug|Any CPU = Debug|Any CPU
		Release|Any CPU = Release|Any CPU
	EndGlobalSection
	GlobalSection(ProjectConfigurationPlatforms) = postSolution
		{11AE9242-DAAF-46FD-9D30-991F07F6F6FD}.Debug|Any CPU.ActiveCfg = Debug|Any CPU
		{11AE9242-DAAF-46FD-9D30-991F07F6F6FD}.Debug|Any CPU.Build.0 = Debug|Any CPU
		{11AE9242-DAAF-46FD-9D30-991F07F6F6FD}.Release|Any CPU.ActiveCfg = Release|Any CPU
		{11AE9242-DAAF-46FD-9D30-991F07F6F6FD}.Release|Any CPU.Build.0 = Release|Any CPU
		{4BA993B1-D17F-479E-B164-890AB37FC928}.Debug|Any CPU.ActiveCfg = Debug|Any CPU
		{4BA993B1-D17F-479E-B164-890AB37FC928}.Debug|Any CPU.Build.0 = Debug|Any CPU
		{4BA993B1-D17F-479E-B164-890AB37FC928}.Release|Any CPU.ActiveCfg = Release|Any CPU
		{4BA993B1-D17F-479E-B164-890AB37FC928}.Release|Any CPU.Build.0 = Release|Any CPU
	EndGlobalSection
	GlobalSection(SolutionProperties) = preSolution
		HideSolutionNode = FALSE
	EndGlobalSection
EndGlobal
